// !$*UTF8*$!
{
	archiveVersion = 1;
	classes = {
	};
	objectVersion = 50;
	objects = {

/* Begin PBXBuildFile section */
		E523A05D23F1C116006F1409 /* AppDelegate.swift in Sources */ = {isa = PBXBuildFile; fileRef = E523A05C23F1C116006F1409 /* AppDelegate.swift */; };
		E523A05F23F1C116006F1409 /* SceneDelegate.swift in Sources */ = {isa = PBXBuildFile; fileRef = E523A05E23F1C116006F1409 /* SceneDelegate.swift */; };
		E523A06123F1C116006F1409 /* ViewController.swift in Sources */ = {isa = PBXBuildFile; fileRef = E523A06023F1C116006F1409 /* ViewController.swift */; };
		E523A06423F1C116006F1409 /* Main.storyboard in Resources */ = {isa = PBXBuildFile; fileRef = E523A06223F1C116006F1409 /* Main.storyboard */; };
		E523A06623F1C117006F1409 /* Assets.xcassets in Resources */ = {isa = PBXBuildFile; fileRef = E523A06523F1C117006F1409 /* Assets.xcassets */; };
		E523A06923F1C117006F1409 /* LaunchScreen.storyboard in Resources */ = {isa = PBXBuildFile; fileRef = E523A06723F1C117006F1409 /* LaunchScreen.storyboard */; };
		E523A07223F1C20F006F1409 /* APIRequest.swift in Sources */ = {isa = PBXBuildFile; fileRef = E523A07123F1C20F006F1409 /* APIRequest.swift */; };
		E523A07423F1C258006F1409 /* APIClient.swift in Sources */ = {isa = PBXBuildFile; fileRef = E523A07323F1C258006F1409 /* APIClient.swift */; };
		E523A07823F1C4F3006F1409 /* MarvelConfig.swift in Sources */ = {isa = PBXBuildFile; fileRef = E523A07723F1C4F3006F1409 /* MarvelConfig.swift */; };
		E523A07A23F1C964006F1409 /* GetCharacters.swift in Sources */ = {isa = PBXBuildFile; fileRef = E523A07923F1C964006F1409 /* GetCharacters.swift */; };
		E523A07C23F1C99D006F1409 /* ComicCharacter.swift in Sources */ = {isa = PBXBuildFile; fileRef = E523A07B23F1C99D006F1409 /* ComicCharacter.swift */; };
		E523A07F23F1CA08006F1409 /* Image.swift in Sources */ = {isa = PBXBuildFile; fileRef = E523A07E23F1CA08006F1409 /* Image.swift */; };
		E523A08123F1CA37006F1409 /* MarvelError.swift in Sources */ = {isa = PBXBuildFile; fileRef = E523A08023F1CA37006F1409 /* MarvelError.swift */; };
		E5C5BFF723F1D0AA000D87D7 /* MarvelApiClient.swift in Sources */ = {isa = PBXBuildFile; fileRef = E5C5BFF623F1D0AA000D87D7 /* MarvelApiClient.swift */; };
		E5C5BFFA23F1D359000D87D7 /* MarvelResponse.swift in Sources */ = {isa = PBXBuildFile; fileRef = E5C5BFF923F1D359000D87D7 /* MarvelResponse.swift */; };
		E5C5BFFC23F1D3AD000D87D7 /* DataContainer.swift in Sources */ = {isa = PBXBuildFile; fileRef = E5C5BFFB23F1D3AD000D87D7 /* DataContainer.swift */; };
		E5C5BFFF23F1D930000D87D7 /* URLQueryItemEncoder.swift in Sources */ = {isa = PBXBuildFile; fileRef = E5C5BFFE23F1D930000D87D7 /* URLQueryItemEncoder.swift */; };
		E5C5C00123F1D978000D87D7 /* HTTPParameter.swift in Sources */ = {isa = PBXBuildFile; fileRef = E5C5C00023F1D978000D87D7 /* HTTPParameter.swift */; };
		E5C5C00323F1E5D2000D87D7 /* md5.swift in Sources */ = {isa = PBXBuildFile; fileRef = E5C5C00223F1E5D2000D87D7 /* md5.swift */; };
/* End PBXBuildFile section */

/* Begin PBXFileReference section */
		E523A05923F1C116006F1409 /* MarvelAPITest.app */ = {isa = PBXFileReference; explicitFileType = wrapper.application; includeInIndex = 0; path = MarvelAPITest.app; sourceTree = BUILT_PRODUCTS_DIR; };
		E523A05C23F1C116006F1409 /* AppDelegate.swift */ = {isa = PBXFileReference; lastKnownFileType = sourcecode.swift; path = AppDelegate.swift; sourceTree = "<group>"; };
		E523A05E23F1C116006F1409 /* SceneDelegate.swift */ = {isa = PBXFileReference; lastKnownFileType = sourcecode.swift; path = SceneDelegate.swift; sourceTree = "<group>"; };
		E523A06023F1C116006F1409 /* ViewController.swift */ = {isa = PBXFileReference; lastKnownFileType = sourcecode.swift; path = ViewController.swift; sourceTree = "<group>"; };
		E523A06323F1C116006F1409 /* Base */ = {isa = PBXFileReference; lastKnownFileType = file.storyboard; name = Base; path = Base.lproj/Main.storyboard; sourceTree = "<group>"; };
		E523A06523F1C117006F1409 /* Assets.xcassets */ = {isa = PBXFileReference; lastKnownFileType = folder.assetcatalog; path = Assets.xcassets; sourceTree = "<group>"; };
		E523A06823F1C117006F1409 /* Base */ = {isa = PBXFileReference; lastKnownFileType = file.storyboard; name = Base; path = Base.lproj/LaunchScreen.storyboard; sourceTree = "<group>"; };
		E523A06A23F1C117006F1409 /* Info.plist */ = {isa = PBXFileReference; lastKnownFileType = text.plist.xml; path = Info.plist; sourceTree = "<group>"; };
		E523A07123F1C20F006F1409 /* APIRequest.swift */ = {isa = PBXFileReference; lastKnownFileType = sourcecode.swift; path = APIRequest.swift; sourceTree = "<group>"; };
		E523A07323F1C258006F1409 /* APIClient.swift */ = {isa = PBXFileReference; lastKnownFileType = sourcecode.swift; path = APIClient.swift; sourceTree = "<group>"; };
		E523A07723F1C4F3006F1409 /* MarvelConfig.swift */ = {isa = PBXFileReference; lastKnownFileType = sourcecode.swift; path = MarvelConfig.swift; sourceTree = "<group>"; };
		E523A07923F1C964006F1409 /* GetCharacters.swift */ = {isa = PBXFileReference; lastKnownFileType = sourcecode.swift; path = GetCharacters.swift; sourceTree = "<group>"; };
		E523A07B23F1C99D006F1409 /* ComicCharacter.swift */ = {isa = PBXFileReference; lastKnownFileType = sourcecode.swift; path = ComicCharacter.swift; sourceTree = "<group>"; };
		E523A07E23F1CA08006F1409 /* Image.swift */ = {isa = PBXFileReference; lastKnownFileType = sourcecode.swift; path = Image.swift; sourceTree = "<group>"; };
		E523A08023F1CA37006F1409 /* MarvelError.swift */ = {isa = PBXFileReference; lastKnownFileType = sourcecode.swift; path = MarvelError.swift; sourceTree = "<group>"; };
		E5C5BFF623F1D0AA000D87D7 /* MarvelApiClient.swift */ = {isa = PBXFileReference; lastKnownFileType = sourcecode.swift; path = MarvelApiClient.swift; sourceTree = "<group>"; };
		E5C5BFF923F1D359000D87D7 /* MarvelResponse.swift */ = {isa = PBXFileReference; lastKnownFileType = sourcecode.swift; path = MarvelResponse.swift; sourceTree = "<group>"; };
		E5C5BFFB23F1D3AD000D87D7 /* DataContainer.swift */ = {isa = PBXFileReference; lastKnownFileType = sourcecode.swift; path = DataContainer.swift; sourceTree = "<group>"; };
		E5C5BFFE23F1D930000D87D7 /* URLQueryItemEncoder.swift */ = {isa = PBXFileReference; lastKnownFileType = sourcecode.swift; path = URLQueryItemEncoder.swift; sourceTree = "<group>"; };
		E5C5C00023F1D978000D87D7 /* HTTPParameter.swift */ = {isa = PBXFileReference; lastKnownFileType = sourcecode.swift; path = HTTPParameter.swift; sourceTree = "<group>"; };
		E5C5C00223F1E5D2000D87D7 /* md5.swift */ = {isa = PBXFileReference; lastKnownFileType = sourcecode.swift; path = md5.swift; sourceTree = "<group>"; };
/* End PBXFileReference section */

/* Begin PBXFrameworksBuildPhase section */
		E523A05623F1C116006F1409 /* Frameworks */ = {
			isa = PBXFrameworksBuildPhase;
			buildActionMask = 2147483647;
			files = (
			);
			runOnlyForDeploymentPostprocessing = 0;
		};
/* End PBXFrameworksBuildPhase section */

/* Begin PBXGroup section */
		E523A05023F1C116006F1409 = {
			isa = PBXGroup;
			children = (
				E523A05B23F1C116006F1409 /* MarvelAPITest */,
				E523A05A23F1C116006F1409 /* Products */,
			);
			sourceTree = "<group>";
		};
		E523A05A23F1C116006F1409 /* Products */ = {
			isa = PBXGroup;
			children = (
				E523A05923F1C116006F1409 /* MarvelAPITest.app */,
			);
			name = Products;
			sourceTree = "<group>";
		};
		E523A05B23F1C116006F1409 /* MarvelAPITest */ = {
			isa = PBXGroup;
			children = (
				E523A05C23F1C116006F1409 /* AppDelegate.swift */,
				E523A05E23F1C116006F1409 /* SceneDelegate.swift */,
				E523A07023F1C200006F1409 /* Data */,
				E523A07D23F1C9CE006F1409 /* Models */,
				E5C5BFF823F1D149000D87D7 /* Views */,
				E523A06223F1C116006F1409 /* Main.storyboard */,
				E523A06523F1C117006F1409 /* Assets.xcassets */,
				E523A06723F1C117006F1409 /* LaunchScreen.storyboard */,
				E523A06A23F1C117006F1409 /* Info.plist */,
			);
			path = MarvelAPITest;
			sourceTree = "<group>";
		};
		E523A07023F1C200006F1409 /* Data */ = {
			isa = PBXGroup;
			children = (
				E5C5BFFD23F1D91C000D87D7 /* Utils */,
				E523A08223F1CF01006F1409 /* Base */,
				E5C5BFF623F1D0AA000D87D7 /* MarvelApiClient.swift */,
				E5C5BFF923F1D359000D87D7 /* MarvelResponse.swift */,
				E523A07923F1C964006F1409 /* GetCharacters.swift */,
			);
			path = Data;
			sourceTree = "<group>";
		};
		E523A07D23F1C9CE006F1409 /* Models */ = {
			isa = PBXGroup;
			children = (
				E523A07B23F1C99D006F1409 /* ComicCharacter.swift */,
				E523A07E23F1CA08006F1409 /* Image.swift */,
			);
			path = Models;
			sourceTree = "<group>";
		};
		E523A08223F1CF01006F1409 /* Base */ = {
			isa = PBXGroup;
			children = (
				E523A07323F1C258006F1409 /* APIClient.swift */,
				E523A07123F1C20F006F1409 /* APIRequest.swift */,
				E523A07723F1C4F3006F1409 /* MarvelConfig.swift */,
				E523A08023F1CA37006F1409 /* MarvelError.swift */,
				E5C5BFFB23F1D3AD000D87D7 /* DataContainer.swift */,
			);
			path = Base;
			sourceTree = "<group>";
		};
		E5C5BFF823F1D149000D87D7 /* Views */ = {
			isa = PBXGroup;
			children = (
				E523A06023F1C116006F1409 /* ViewController.swift */,
			);
			path = Views;
			sourceTree = "<group>";
		};
		E5C5BFFD23F1D91C000D87D7 /* Utils */ = {
			isa = PBXGroup;
			children = (
				E5C5BFFE23F1D930000D87D7 /* URLQueryItemEncoder.swift */,
				E5C5C00023F1D978000D87D7 /* HTTPParameter.swift */,
				E5C5C00223F1E5D2000D87D7 /* md5.swift */,
			);
			path = Utils;
			sourceTree = "<group>";
		};
/* End PBXGroup section */

/* Begin PBXNativeTarget section */
		E523A05823F1C116006F1409 /* MarvelAPITest */ = {
			isa = PBXNativeTarget;
			buildConfigurationList = E523A06D23F1C117006F1409 /* Build configuration list for PBXNativeTarget "MarvelAPITest" */;
			buildPhases = (
				E523A05523F1C116006F1409 /* Sources */,
				E523A05623F1C116006F1409 /* Frameworks */,
				E523A05723F1C116006F1409 /* Resources */,
			);
			buildRules = (
			);
			dependencies = (
			);
			name = MarvelAPITest;
			productName = MarvelAPITest;
			productReference = E523A05923F1C116006F1409 /* MarvelAPITest.app */;
			productType = "com.apple.product-type.application";
		};
/* End PBXNativeTarget section */

/* Begin PBXProject section */
		E523A05123F1C116006F1409 /* Project object */ = {
			isa = PBXProject;
			attributes = {
				LastSwiftUpdateCheck = 1130;
				LastUpgradeCheck = 1130;
				ORGANIZATIONNAME = syntaks.io;
				TargetAttributes = {
					E523A05823F1C116006F1409 = {
						CreatedOnToolsVersion = 11.3.1;
					};
				};
			};
			buildConfigurationList = E523A05423F1C116006F1409 /* Build configuration list for PBXProject "MarvelAPITest" */;
			compatibilityVersion = "Xcode 9.3";
			developmentRegion = en;
			hasScannedForEncodings = 0;
			knownRegions = (
				en,
				Base,
			);
			mainGroup = E523A05023F1C116006F1409;
			productRefGroup = E523A05A23F1C116006F1409 /* Products */;
			projectDirPath = "";
			projectRoot = "";
			targets = (
				E523A05823F1C116006F1409 /* MarvelAPITest */,
			);
		};
/* End PBXProject section */

/* Begin PBXResourcesBuildPhase section */
		E523A05723F1C116006F1409 /* Resources */ = {
			isa = PBXResourcesBuildPhase;
			buildActionMask = 2147483647;
			files = (
				E523A06923F1C117006F1409 /* LaunchScreen.storyboard in Resources */,
				E523A06623F1C117006F1409 /* Assets.xcassets in Resources */,
				E523A06423F1C116006F1409 /* Main.storyboard in Resources */,
			);
			runOnlyForDeploymentPostprocessing = 0;
		};
/* End PBXResourcesBuildPhase section */

/* Begin PBXSourcesBuildPhase section */
		E523A05523F1C116006F1409 /* Sources */ = {
			isa = PBXSourcesBuildPhase;
			buildActionMask = 2147483647;
			files = (
				E523A06123F1C116006F1409 /* ViewController.swift in Sources */,
				E5C5BFFA23F1D359000D87D7 /* MarvelResponse.swift in Sources */,
				E523A07F23F1CA08006F1409 /* Image.swift in Sources */,
				E5C5BFFF23F1D930000D87D7 /* URLQueryItemEncoder.swift in Sources */,
				E523A05D23F1C116006F1409 /* AppDelegate.swift in Sources */,
				E523A07223F1C20F006F1409 /* APIRequest.swift in Sources */,
				E5C5C00123F1D978000D87D7 /* HTTPParameter.swift in Sources */,
				E523A07423F1C258006F1409 /* APIClient.swift in Sources */,
				E5C5BFFC23F1D3AD000D87D7 /* DataContainer.swift in Sources */,
				E523A05F23F1C116006F1409 /* SceneDelegate.swift in Sources */,
				E5C5C00323F1E5D2000D87D7 /* md5.swift in Sources */,
				E523A07A23F1C964006F1409 /* GetCharacters.swift in Sources */,
				E523A08123F1CA37006F1409 /* MarvelError.swift in Sources */,
				E523A07823F1C4F3006F1409 /* MarvelConfig.swift in Sources */,
				E5C5BFF723F1D0AA000D87D7 /* MarvelApiClient.swift in Sources */,
				E523A07C23F1C99D006F1409 /* ComicCharacter.swift in Sources */,
			);
			runOnlyForDeploymentPostprocessing = 0;
		};
/* End PBXSourcesBuildPhase section */

/* Begin PBXVariantGroup section */
		E523A06223F1C116006F1409 /* Main.storyboard */ = {
			isa = PBXVariantGroup;
			children = (
				E523A06323F1C116006F1409 /* Base */,
			);
			name = Main.storyboard;
			sourceTree = "<group>";
		};
		E523A06723F1C117006F1409 /* LaunchScreen.storyboard */ = {
			isa = PBXVariantGroup;
			children = (
				E523A06823F1C117006F1409 /* Base */,
			);
			name = LaunchScreen.storyboard;
			sourceTree = "<group>";
		};
/* End PBXVariantGroup section */

/* Begin XCBuildConfiguration section */
		E523A06B23F1C117006F1409 /* Debug */ = {
			isa = XCBuildConfiguration;
			buildSettings = {
				ALWAYS_SEARCH_USER_PATHS = NO;
				CLANG_ANALYZER_NONNULL = YES;
				CLANG_ANALYZER_NUMBER_OBJECT_CONVERSION = YES_AGGRESSIVE;
				CLANG_CXX_LANGUAGE_STANDARD = "gnu++14";
				CLANG_CXX_LIBRARY = "libc++";
				CLANG_ENABLE_MODULES = YES;
				CLANG_ENABLE_OBJC_ARC = YES;
				CLANG_ENABLE_OBJC_WEAK = YES;
				CLANG_WARN_BLOCK_CAPTURE_AUTORELEASING = YES;
				CLANG_WARN_BOOL_CONVERSION = YES;
				CLANG_WARN_COMMA = YES;
				CLANG_WARN_CONSTANT_CONVERSION = YES;
				CLANG_WARN_DEPRECATED_OBJC_IMPLEMENTATIONS = YES;
				CLANG_WARN_DIRECT_OBJC_ISA_USAGE = YES_ERROR;
				CLANG_WARN_DOCUMENTATION_COMMENTS = YES;
				CLANG_WARN_EMPTY_BODY = YES;
				CLANG_WARN_ENUM_CONVERSION = YES;
				CLANG_WARN_INFINITE_RECURSION = YES;
				CLANG_WARN_INT_CONVERSION = YES;
				CLANG_WARN_NON_LITERAL_NULL_CONVERSION = YES;
				CLANG_WARN_OBJC_IMPLICIT_RETAIN_SELF = YES;
				CLANG_WARN_OBJC_LITERAL_CONVERSION = YES;
				CLANG_WARN_OBJC_ROOT_CLASS = YES_ERROR;
				CLANG_WARN_RANGE_LOOP_ANALYSIS = YES;
				CLANG_WARN_STRICT_PROTOTYPES = YES;
				CLANG_WARN_SUSPICIOUS_MOVE = YES;
				CLANG_WARN_UNGUARDED_AVAILABILITY = YES_AGGRESSIVE;
				CLANG_WARN_UNREACHABLE_CODE = YES;
				CLANG_WARN__DUPLICATE_METHOD_MATCH = YES;
				COPY_PHASE_STRIP = NO;
				DEBUG_INFORMATION_FORMAT = dwarf;
				ENABLE_STRICT_OBJC_MSGSEND = YES;
				ENABLE_TESTABILITY = YES;
				GCC_C_LANGUAGE_STANDARD = gnu11;
				GCC_DYNAMIC_NO_PIC = NO;
				GCC_NO_COMMON_BLOCKS = YES;
				GCC_OPTIMIZATION_LEVEL = 0;
				GCC_PREPROCESSOR_DEFINITIONS = (
					"DEBUG=1",
					"$(inherited)",
				);
				GCC_WARN_64_TO_32_BIT_CONVERSION = YES;
				GCC_WARN_ABOUT_RETURN_TYPE = YES_ERROR;
				GCC_WARN_UNDECLARED_SELECTOR = YES;
				GCC_WARN_UNINITIALIZED_AUTOS = YES_AGGRESSIVE;
				GCC_WARN_UNUSED_FUNCTION = YES;
				GCC_WARN_UNUSED_VARIABLE = YES;
				IPHONEOS_DEPLOYMENT_TARGET = 13.2;
				MTL_ENABLE_DEBUG_INFO = INCLUDE_SOURCE;
				MTL_FAST_MATH = YES;
				ONLY_ACTIVE_ARCH = YES;
				SDKROOT = iphoneos;
				SWIFT_ACTIVE_COMPILATION_CONDITIONS = DEBUG;
				SWIFT_OPTIMIZATION_LEVEL = "-Onone";
			};
			name = Debug;
		};
		E523A06C23F1C117006F1409 /* Release */ = {
			isa = XCBuildConfiguration;
			buildSettings = {
				ALWAYS_SEARCH_USER_PATHS = NO;
				CLANG_ANALYZER_NONNULL = YES;
				CLANG_ANALYZER_NUMBER_OBJECT_CONVERSION = YES_AGGRESSIVE;
				CLANG_CXX_LANGUAGE_STANDARD = "gnu++14";
				CLANG_CXX_LIBRARY = "libc++";
				CLANG_ENABLE_MODULES = YES;
				CLANG_ENABLE_OBJC_ARC = YES;
				CLANG_ENABLE_OBJC_WEAK = YES;
				CLANG_WARN_BLOCK_CAPTURE_AUTORELEASING = YES;
				CLANG_WARN_BOOL_CONVERSION = YES;
				CLANG_WARN_COMMA = YES;
				CLANG_WARN_CONSTANT_CONVERSION = YES;
				CLANG_WARN_DEPRECATED_OBJC_IMPLEMENTATIONS = YES;
				CLANG_WARN_DIRECT_OBJC_ISA_USAGE = YES_ERROR;
				CLANG_WARN_DOCUMENTATION_COMMENTS = YES;
				CLANG_WARN_EMPTY_BODY = YES;
				CLANG_WARN_ENUM_CONVERSION = YES;
				CLANG_WARN_INFINITE_RECURSION = YES;
				CLANG_WARN_INT_CONVERSION = YES;
				CLANG_WARN_NON_LITERAL_NULL_CONVERSION = YES;
				CLANG_WARN_OBJC_IMPLICIT_RETAIN_SELF = YES;
				CLANG_WARN_OBJC_LITERAL_CONVERSION = YES;
				CLANG_WARN_OBJC_ROOT_CLASS = YES_ERROR;
				CLANG_WARN_RANGE_LOOP_ANALYSIS = YES;
				CLANG_WARN_STRICT_PROTOTYPES = YES;
				CLANG_WARN_SUSPICIOUS_MOVE = YES;
				CLANG_WARN_UNGUARDED_AVAILABILITY = YES_AGGRESSIVE;
				CLANG_WARN_UNREACHABLE_CODE = YES;
				CLANG_WARN__DUPLICATE_METHOD_MATCH = YES;
				COPY_PHASE_STRIP = NO;
				DEBUG_INFORMATION_FORMAT = "dwarf-with-dsym";
				ENABLE_NS_ASSERTIONS = NO;
				ENABLE_STRICT_OBJC_MSGSEND = YES;
				GCC_C_LANGUAGE_STANDARD = gnu11;
				GCC_NO_COMMON_BLOCKS = YES;
				GCC_WARN_64_TO_32_BIT_CONVERSION = YES;
				GCC_WARN_ABOUT_RETURN_TYPE = YES_ERROR;
				GCC_WARN_UNDECLARED_SELECTOR = YES;
				GCC_WARN_UNINITIALIZED_AUTOS = YES_AGGRESSIVE;
				GCC_WARN_UNUSED_FUNCTION = YES;
				GCC_WARN_UNUSED_VARIABLE = YES;
				IPHONEOS_DEPLOYMENT_TARGET = 13.2;
				MTL_ENABLE_DEBUG_INFO = NO;
				MTL_FAST_MATH = YES;
				SDKROOT = iphoneos;
				SWIFT_COMPILATION_MODE = wholemodule;
				SWIFT_OPTIMIZATION_LEVEL = "-O";
				VALIDATE_PRODUCT = YES;
			};
			name = Release;
		};
		E523A06E23F1C117006F1409 /* Debug */ = {
			isa = XCBuildConfiguration;
			buildSettings = {
				ASSETCATALOG_COMPILER_APPICON_NAME = AppIcon;
				CODE_SIGN_STYLE = Automatic;
				DEVELOPMENT_TEAM = 5B74F682NG;
				INFOPLIST_FILE = MarvelAPITest/Info.plist;
				LD_RUNPATH_SEARCH_PATHS = (
					"$(inherited)",
					"@executable_path/Frameworks",
				);
				PRODUCT_BUNDLE_IDENTIFIER = io.syntaks.MarvelAPITest;
				PRODUCT_NAME = "$(TARGET_NAME)";
				SWIFT_VERSION = 5.0;
				TARGETED_DEVICE_FAMILY = "1,2";
			};
			name = Debug;
		};
		E523A06F23F1C117006F1409 /* Release */ = {
			isa = XCBuildConfiguration;
			buildSettings = {
				ASSETCATALOG_COMPILER_APPICON_NAME = AppIcon;
				CODE_SIGN_STYLE = Automatic;
				DEVELOPMENT_TEAM = 5B74F682NG;
				INFOPLIST_FILE = MarvelAPITest/Info.plist;
				LD_RUNPATH_SEARCH_PATHS = (
					"$(inherited)",
					"@executable_path/Frameworks",
				);
				PRODUCT_BUNDLE_IDENTIFIER = io.syntaks.MarvelAPITest;
				PRODUCT_NAME = "$(TARGET_NAME)";
				SWIFT_VERSION = 5.0;
				TARGETED_DEVICE_FAMILY = "1,2";
			};
			name = Release;
		};
/* End XCBuildConfiguration section */

/* Begin XCConfigurationList section */
		E523A05423F1C116006F1409 /* Build configuration list for PBXProject "MarvelAPITest" */ = {
			isa = XCConfigurationList;
			buildConfigurations = (
				E523A06B23F1C117006F1409 /* Debug */,
				E523A06C23F1C117006F1409 /* Release */,
			);
			defaultConfigurationIsVisible = 0;
			defaultConfigurationName = Release;
		};
		E523A06D23F1C117006F1409 /* Build configuration list for PBXNativeTarget "MarvelAPITest" */ = {
			isa = XCConfigurationList;
			buildConfigurations = (
				E523A06E23F1C117006F1409 /* Debug */,
				E523A06F23F1C117006F1409 /* Release */,
			);
			defaultConfigurationIsVisible = 0;
			defaultConfigurationName = Release;
		};
/* End XCConfigurationList section */
	};
	rootObject = E523A05123F1C116006F1409 /* Project object */;
}
